
Microsoft Visual Studio Solution File, Format Version 12.00
# Visual Studio Version 16
VisualStudioVersion = 16.0.31005.135
MinimumVisualStudioVersion = 10.0.40219.1
Project("{FAE04EC0-301F-11D3-BF4B-00C04F79EFBC}") = "JLG", "JLG\JLG.csproj", "{BBBD1A37-1F8F-4B74-8B88-0E4CEC845DBF}"
EndProject
Global
	GlobalSection(SolutionConfigurationPlatforms) = preSolution
		Debug|Any CPU = Debug|Any CPU
		Release|Any CPU = Release|Any CPU
	EndGlobalSection
	GlobalSection(ProjectConfigurationPlatforms) = postSolution
		{BBBD1A37-1F8F-4B74-8B88-0E4CEC845DBF}.Debug|Any CPU.ActiveCfg = Debug|Any CPU
		{BBBD1A37-1F8F-4B74-8B88-0E4CEC845DBF}.Debug|Any CPU.Build.0 = Debug|Any CPU
		{BBBD1A37-1F8F-4B74-8B88-0E4CEC845DBF}.Release|Any CPU.ActiveCfg = Release|Any CPU
		{BBBD1A37-1F8F-4B74-8B88-0E4CEC845DBF}.Release|Any CPU.Build.0 = Release|Any CPU
	EndGlobalSection
	GlobalSection(SolutionProperties) = preSolution
		HideSolutionNode = FALSE
	EndGlobalSection
	GlobalSection(ExtensibilityGlobals) = postSolution
		SolutionGuid = {DB7E424A-82BD-40B2-97EC-8ABCB6057FF6}
	EndGlobalSection
EndGlobal
